<?xml version="1.0" encoding="utf-8"?>
<Project ToolsVersion="4.0" xmlns="http://schemas.microsoft.com/developer/msbuild/2003">
  <ItemGroup>
    <Filter Include="Resource Files">
      <UniqueIdentifier>{67DA6AB6-F800-4c08-8B7A-83BB121AAD01}</UniqueIdentifier>
      <Extensions>rc;ico;cur;bmp;dlg;rc2;rct;bin;rgs;gif;jpg;jpeg;jpe;resx;tiff;tif;png;wav;mfcribbon-ms</Extensions>
    </Filter>
    <Filter Include="Neural Nets">
      <UniqueIdentifier>{718accfd-88fe-4c6e-829c-855c81b68263}</UniqueIdentifier>
    </Filter>
    <Filter Include="Neural Nets\Header Files">
      <UniqueIdentifier>{b09eba62-ecd6-4f39-a182-c066a127b426}</UniqueIdentifier>
    </Filter>
    <Filter Include="Neural Nets\Source Files">
      <UniqueIdentifier>{ca68499e-0dca-4cd5-bc9d-e539b381b14d}</UniqueIdentifier>
    </Filter>
    <Filter Include="Common">
      <UniqueIdentifier>{fab3df18-3483-4469-8e12-701e93e578a9}</UniqueIdentifier>
    </Filter>
    <Filter Include="Common\Source Files">
      <UniqueIdentifier>{4FC737F1-C7A5-4376-A066-2A32D752A2FF}</UniqueIdentifier>
      <Extensions>cpp;c;cc;cxx;def;odl;idl;hpj;bat;asm;asmx</Extensions>
    </Filter>
    <Filter Include="Common\Header Files">
      <UniqueIdentifier>{93995380-89BD-4b04-88EB-625FBE52EBFB}</UniqueIdentifier>
      <Extensions>h;hh;hpp;hxx;hm;inl;inc;xsd</Extensions>
    </Filter>
  </ItemGroup>
  <ItemGroup>
    <ClInclude Include="resource.h">
      <Filter>Common\Header Files</Filter>
    </ClInclude>
    <ClInclude Include="ISolver.h">
      <Filter>Common\Header Files</Filter>
    </ClInclude>
    <ClInclude Include="ISolverDescription.h">
      <Filter>Common\Header Files</Filter>
    </ClInclude>
    <ClInclude Include="PerceptronTopology.h">
      <Filter>Neural Nets\Header Files</Filter>
    </ClInclude>
    <ClInclude Include="PerceptronManaged.h">
      <Filter>Neural Nets\Header Files</Filter>
    </ClInclude>
    <ClInclude Include="ActivationFunctionTypes.h">
      <Filter>Neural Nets\Header Files</Filter>
    </ClInclude>
    <ClInclude Include="WardNNTopology.h">
      <Filter>Neural Nets\Header Files</Filter>
    </ClInclude>
    <ClInclude Include="WardNNManaged.h">
      <Filter>Neural Nets\Header Files</Filter>
    </ClInclude>
  </ItemGroup>
  <ItemGroup>
    <ClCompile Include="AssemblyInfo.cpp">
      <Filter>Common\Source Files</Filter>
    </ClCompile>
    <ClCompile Include="ISolver.cpp">
      <Filter>Common\Source Files</Filter>
    </ClCompile>
    <ClCompile Include="PerceptronTopology.cpp">
      <Filter>Neural Nets\Source Files</Filter>
    </ClCompile>
    <ClCompile Include="PerceptronManaged.cpp">
      <Filter>Neural Nets\Source Files</Filter>
    </ClCompile>
    <ClCompile Include="ActivationFunctionTypes.cpp">
      <Filter>Neural Nets\Source Files</Filter>
    </ClCompile>
    <ClCompile Include="WardNNTopology.cpp">
      <Filter>Neural Nets\Source Files</Filter>
    </ClCompile>
    <ClCompile Include="WardNNManaged.cpp">
      <Filter>Neural Nets\Source Files</Filter>
    </ClCompile>
  </ItemGroup>
  <ItemGroup>
    <Text Include="ReadMe.txt" />
  </ItemGroup>
  <ItemGroup>
    <ResourceCompile Include="app.rc">
      <Filter>Resource Files</Filter>
    </ResourceCompile>
  </ItemGroup>
  <ItemGroup>
    <Image Include="app.ico">
      <Filter>Resource Files</Filter>
    </Image>
  </ItemGroup>
</Project>